// !$*UTF8*$!
{
	archiveVersion = 1;
	classes = {
	};
	objectVersion = 56;
	objects = {

/* Begin PBXBuildFile section */
		7081DEA22BEF367E0074CEE1 /* Binding.swift in Sources */ = {isa = PBXBuildFile; fileRef = 7081DEA12BEF367E0074CEE1 /* Binding.swift */; };
		7081DEA42BEF37060074CEE1 /* Delegation.swift in Sources */ = {isa = PBXBuildFile; fileRef = 7081DEA32BEF37060074CEE1 /* Delegation.swift */; };
		7087A0C42C09900C00E33867 /* APIClient.swift in Sources */ = {isa = PBXBuildFile; fileRef = 7087A0C32C09900C00E33867 /* APIClient.swift */; };
		708A7DBC2C01A6B600D86833 /* Dependency.swift in Sources */ = {isa = PBXBuildFile; fileRef = 708A7DBB2C01A6B600D86833 /* Dependency.swift */; };
		708AF2902C119996002949D5 /* IdentifiedArray.swift in Sources */ = {isa = PBXBuildFile; fileRef = 708AF28F2C119996002949D5 /* IdentifiedArray.swift */; };
		70AD3ECA2BE7593A00614A6B /* TCAApp.swift in Sources */ = {isa = PBXBuildFile; fileRef = 70AD3EC92BE7593A00614A6B /* TCAApp.swift */; };
		70AD3ECC2BE7593A00614A6B /* ContentView.swift in Sources */ = {isa = PBXBuildFile; fileRef = 70AD3ECB2BE7593A00614A6B /* ContentView.swift */; };
		70AD3ECE2BE7593C00614A6B /* Assets.xcassets in Resources */ = {isa = PBXBuildFile; fileRef = 70AD3ECD2BE7593C00614A6B /* Assets.xcassets */; };
		70AD3ED22BE7593C00614A6B /* Preview Assets.xcassets in Resources */ = {isa = PBXBuildFile; fileRef = 70AD3ED12BE7593C00614A6B /* Preview Assets.xcassets */; };
		70AD3EDC2BE7593D00614A6B /* TCATests.swift in Sources */ = {isa = PBXBuildFile; fileRef = 70AD3EDB2BE7593D00614A6B /* TCATests.swift */; };
		70AD3EE62BE7593D00614A6B /* TCAUITests.swift in Sources */ = {isa = PBXBuildFile; fileRef = 70AD3EE52BE7593D00614A6B /* TCAUITests.swift */; };
		70AD3EE82BE7593D00614A6B /* TCAUITestsLaunchTests.swift in Sources */ = {isa = PBXBuildFile; fileRef = 70AD3EE72BE7593D00614A6B /* TCAUITestsLaunchTests.swift */; };
		70AD3EF62BE759A800614A6B /* ComposableArchitecture in Frameworks */ = {isa = PBXBuildFile; productRef = 70AD3EF52BE759A800614A6B /* ComposableArchitecture */; };
		70AD3EF82BE759BB00614A6B /* Basic.swift in Sources */ = {isa = PBXBuildFile; fileRef = 70AD3EF72BE759BB00614A6B /* Basic.swift */; };
/* End PBXBuildFile section */

/* Begin PBXContainerItemProxy section */
		70AD3ED82BE7593D00614A6B /* PBXContainerItemProxy */ = {
			isa = PBXContainerItemProxy;
			containerPortal = 70AD3EBE2BE7593A00614A6B /* Project object */;
			proxyType = 1;
			remoteGlobalIDString = 70AD3EC52BE7593A00614A6B;
			remoteInfo = TCA;
		};
		70AD3EE22BE7593D00614A6B /* PBXContainerItemProxy */ = {
			isa = PBXContainerItemProxy;
			containerPortal = 70AD3EBE2BE7593A00614A6B /* Project object */;
			proxyType = 1;
			remoteGlobalIDString = 70AD3EC52BE7593A00614A6B;
			remoteInfo = TCA;
		};
/* End PBXContainerItemProxy section */

/* Begin PBXFileReference section */
		7081DEA12BEF367E0074CEE1 /* Binding.swift */ = {isa = PBXFileReference; fileEncoding = 4; lastKnownFileType = sourcecode.swift; path = Binding.swift; sourceTree = "<group>"; };
		7081DEA32BEF37060074CEE1 /* Delegation.swift */ = {isa = PBXFileReference; lastKnownFileType = sourcecode.swift; path = Delegation.swift; sourceTree = "<group>"; };
		7087A0C32C09900C00E33867 /* APIClient.swift */ = {isa = PBXFileReference; lastKnownFileType = sourcecode.swift; path = APIClient.swift; sourceTree = "<group>"; };
		7087A0C52C0992F200E33867 /* Info.plist */ = {isa = PBXFileReference; lastKnownFileType = text.plist; path = Info.plist; sourceTree = "<group>"; };
		708A7DBB2C01A6B600D86833 /* Dependency.swift */ = {isa = PBXFileReference; lastKnownFileType = sourcecode.swift; path = Dependency.swift; sourceTree = "<group>"; };
		708AF28F2C119996002949D5 /* IdentifiedArray.swift */ = {isa = PBXFileReference; lastKnownFileType = sourcecode.swift; path = IdentifiedArray.swift; sourceTree = "<group>"; };
		70AD3EC62BE7593A00614A6B /* TCA.app */ = {isa = PBXFileReference; explicitFileType = wrapper.application; includeInIndex = 0; path = TCA.app; sourceTree = BUILT_PRODUCTS_DIR; };
		70AD3EC92BE7593A00614A6B /* TCAApp.swift */ = {isa = PBXFileReference; lastKnownFileType = sourcecode.swift; path = TCAApp.swift; sourceTree = "<group>"; };
		70AD3ECB2BE7593A00614A6B /* ContentView.swift */ = {isa = PBXFileReference; lastKnownFileType = sourcecode.swift; path = ContentView.swift; sourceTree = "<group>"; };
		70AD3ECD2BE7593C00614A6B /* Assets.xcassets */ = {isa = PBXFileReference; lastKnownFileType = folder.assetcatalog; path = Assets.xcassets; sourceTree = "<group>"; };
		70AD3ECF2BE7593C00614A6B /* TCA.entitlements */ = {isa = PBXFileReference; lastKnownFileType = text.plist.entitlements; path = TCA.entitlements; sourceTree = "<group>"; };
		70AD3ED12BE7593C00614A6B /* Preview Assets.xcassets */ = {isa = PBXFileReference; lastKnownFileType = folder.assetcatalog; path = "Preview Assets.xcassets"; sourceTree = "<group>"; };
		70AD3ED72BE7593D00614A6B /* TCATests.xctest */ = {isa = PBXFileReference; explicitFileType = wrapper.cfbundle; includeInIndex = 0; path = TCATests.xctest; sourceTree = BUILT_PRODUCTS_DIR; };
		70AD3EDB2BE7593D00614A6B /* TCATests.swift */ = {isa = PBXFileReference; lastKnownFileType = sourcecode.swift; path = TCATests.swift; sourceTree = "<group>"; };
		70AD3EE12BE7593D00614A6B /* TCAUITests.xctest */ = {isa = PBXFileReference; explicitFileType = wrapper.cfbundle; includeInIndex = 0; path = TCAUITests.xctest; sourceTree = BUILT_PRODUCTS_DIR; };
		70AD3EE52BE7593D00614A6B /* TCAUITests.swift */ = {isa = PBXFileReference; lastKnownFileType = sourcecode.swift; path = TCAUITests.swift; sourceTree = "<group>"; };
		70AD3EE72BE7593D00614A6B /* TCAUITestsLaunchTests.swift */ = {isa = PBXFileReference; lastKnownFileType = sourcecode.swift; path = TCAUITestsLaunchTests.swift; sourceTree = "<group>"; };
		70AD3EF72BE759BB00614A6B /* Basic.swift */ = {isa = PBXFileReference; lastKnownFileType = sourcecode.swift; path = Basic.swift; sourceTree = "<group>"; };
/* End PBXFileReference section */

/* Begin PBXFrameworksBuildPhase section */
		70AD3EC32BE7593A00614A6B /* Frameworks */ = {
			isa = PBXFrameworksBuildPhase;
			buildActionMask = 2147483647;
			files = (
				70AD3EF62BE759A800614A6B /* ComposableArchitecture in Frameworks */,
			);
			runOnlyForDeploymentPostprocessing = 0;
		};
		70AD3ED42BE7593D00614A6B /* Frameworks */ = {
			isa = PBXFrameworksBuildPhase;
			buildActionMask = 2147483647;
			files = (
			);
			runOnlyForDeploymentPostprocessing = 0;
		};
		70AD3EDE2BE7593D00614A6B /* Frameworks */ = {
			isa = PBXFrameworksBuildPhase;
			buildActionMask = 2147483647;
			files = (
			);
			runOnlyForDeploymentPostprocessing = 0;
		};
/* End PBXFrameworksBuildPhase section */

/* Begin PBXGroup section */
		70AD3EBD2BE7593A00614A6B = {
			isa = PBXGroup;
			children = (
				70AD3EC82BE7593A00614A6B /* TCA */,
				70AD3EDA2BE7593D00614A6B /* TCATests */,
				70AD3EE42BE7593D00614A6B /* TCAUITests */,
				70AD3EC72BE7593A00614A6B /* Products */,
			);
			sourceTree = "<group>";
		};
		70AD3EC72BE7593A00614A6B /* Products */ = {
			isa = PBXGroup;
			children = (
				70AD3EC62BE7593A00614A6B /* TCA.app */,
				70AD3ED72BE7593D00614A6B /* TCATests.xctest */,
				70AD3EE12BE7593D00614A6B /* TCAUITests.xctest */,
			);
			name = Products;
			sourceTree = "<group>";
		};
		70AD3EC82BE7593A00614A6B /* TCA */ = {
			isa = PBXGroup;
			children = (
				7087A0C52C0992F200E33867 /* Info.plist */,
				70AD3EC92BE7593A00614A6B /* TCAApp.swift */,
				70AD3ECB2BE7593A00614A6B /* ContentView.swift */,
				70AD3EF72BE759BB00614A6B /* Basic.swift */,
				7081DEA12BEF367E0074CEE1 /* Binding.swift */,
				7081DEA32BEF37060074CEE1 /* Delegation.swift */,
				708A7DBB2C01A6B600D86833 /* Dependency.swift */,
				7087A0C32C09900C00E33867 /* APIClient.swift */,
				708AF28F2C119996002949D5 /* IdentifiedArray.swift */,
				70AD3ECD2BE7593C00614A6B /* Assets.xcassets */,
				70AD3ECF2BE7593C00614A6B /* TCA.entitlements */,
				70AD3ED02BE7593C00614A6B /* Preview Content */,
			);
			path = TCA;
			sourceTree = "<group>";
		};
		70AD3ED02BE7593C00614A6B /* Preview Content */ = {
			isa = PBXGroup;
			children = (
				70AD3ED12BE7593C00614A6B /* Preview Assets.xcassets */,
			);
			path = "Preview Content";
			sourceTree = "<group>";
		};
		70AD3EDA2BE7593D00614A6B /* TCATests */ = {
			isa = PBXGroup;
			children = (
				70AD3EDB2BE7593D00614A6B /* TCATests.swift */,
			);
			path = TCATests;
			sourceTree = "<group>";
		};
		70AD3EE42BE7593D00614A6B /* TCAUITests */ = {
			isa = PBXGroup;
			children = (
				70AD3EE52BE7593D00614A6B /* TCAUITests.swift */,
				70AD3EE72BE7593D00614A6B /* TCAUITestsLaunchTests.swift */,
			);
			path = TCAUITests;
			sourceTree = "<group>";
		};
/* End PBXGroup section */

/* Begin PBXNativeTarget section */
		70AD3EC52BE7593A00614A6B /* TCA */ = {
			isa = PBXNativeTarget;
			buildConfigurationList = 70AD3EEB2BE7593D00614A6B /* Build configuration list for PBXNativeTarget "TCA" */;
			buildPhases = (
				70AD3EC22BE7593A00614A6B /* Sources */,
				70AD3EC32BE7593A00614A6B /* Frameworks */,
				70AD3EC42BE7593A00614A6B /* Resources */,
			);
			buildRules = (
			);
			dependencies = (
			);
			name = TCA;
			packageProductDependencies = (
				70AD3EF52BE759A800614A6B /* ComposableArchitecture */,
			);
			productName = TCA;
			productReference = 70AD3EC62BE7593A00614A6B /* TCA.app */;
			productType = "com.apple.product-type.application";
		};
		70AD3ED62BE7593D00614A6B /* TCATests */ = {
			isa = PBXNativeTarget;
			buildConfigurationList = 70AD3EEE2BE7593D00614A6B /* Build configuration list for PBXNativeTarget "TCATests" */;
			buildPhases = (
				70AD3ED32BE7593D00614A6B /* Sources */,
				70AD3ED42BE7593D00614A6B /* Frameworks */,
				70AD3ED52BE7593D00614A6B /* Resources */,
			);
			buildRules = (
			);
			dependencies = (
				70AD3ED92BE7593D00614A6B /* PBXTargetDependency */,
			);
			name = TCATests;
			productName = TCATests;
			productReference = 70AD3ED72BE7593D00614A6B /* TCATests.xctest */;
			productType = "com.apple.product-type.bundle.unit-test";
		};
		70AD3EE02BE7593D00614A6B /* TCAUITests */ = {
			isa = PBXNativeTarget;
			buildConfigurationList = 70AD3EF12BE7593D00614A6B /* Build configuration list for PBXNativeTarget "TCAUITests" */;
			buildPhases = (
				70AD3EDD2BE7593D00614A6B /* Sources */,
				70AD3EDE2BE7593D00614A6B /* Frameworks */,
				70AD3EDF2BE7593D00614A6B /* Resources */,
			);
			buildRules = (
			);
			dependencies = (
				70AD3EE32BE7593D00614A6B /* PBXTargetDependency */,
			);
			name = TCAUITests;
			productName = TCAUITests;
			productReference = 70AD3EE12BE7593D00614A6B /* TCAUITests.xctest */;
			productType = "com.apple.product-type.bundle.ui-testing";
		};
/* End PBXNativeTarget section */

/* Begin PBXProject section */
		70AD3EBE2BE7593A00614A6B /* Project object */ = {
			isa = PBXProject;
			attributes = {
				BuildIndependentTargetsInParallel = 1;
				LastSwiftUpdateCheck = 1500;
				LastUpgradeCheck = 1500;
				TargetAttributes = {
					70AD3EC52BE7593A00614A6B = {
						CreatedOnToolsVersion = 15.0.1;
					};
					70AD3ED62BE7593D00614A6B = {
						CreatedOnToolsVersion = 15.0.1;
						TestTargetID = 70AD3EC52BE7593A00614A6B;
					};
					70AD3EE02BE7593D00614A6B = {
						CreatedOnToolsVersion = 15.0.1;
						TestTargetID = 70AD3EC52BE7593A00614A6B;
					};
				};
			};
			buildConfigurationList = 70AD3EC12BE7593A00614A6B /* Build configuration list for PBXProject "TCA" */;
			compatibilityVersion = "Xcode 14.0";
			developmentRegion = en;
			hasScannedForEncodings = 0;
			knownRegions = (
				en,
				Base,
			);
			mainGroup = 70AD3EBD2BE7593A00614A6B;
			packageReferences = (
				70AD3EF42BE759A800614A6B /* XCRemoteSwiftPackageReference "swift-composable-architecture" */,
			);
			productRefGroup = 70AD3EC72BE7593A00614A6B /* Products */;
			projectDirPath = "";
			projectRoot = "";
			targets = (
				70AD3EC52BE7593A00614A6B /* TCA */,
				70AD3ED62BE7593D00614A6B /* TCATests */,
				70AD3EE02BE7593D00614A6B /* TCAUITests */,
			);
		};
/* End PBXProject section */

/* Begin PBXResourcesBuildPhase section */
		70AD3EC42BE7593A00614A6B /* Resources */ = {
			isa = PBXResourcesBuildPhase;
			buildActionMask = 2147483647;
			files = (
				70AD3ED22BE7593C00614A6B /* Preview Assets.xcassets in Resources */,
				70AD3ECE2BE7593C00614A6B /* Assets.xcassets in Resources */,
			);
			runOnlyForDeploymentPostprocessing = 0;
		};
		70AD3ED52BE7593D00614A6B /* Resources */ = {
			isa = PBXResourcesBuildPhase;
			buildActionMask = 2147483647;
			files = (
			);
			runOnlyForDeploymentPostprocessing = 0;
		};
		70AD3EDF2BE7593D00614A6B /* Resources */ = {
			isa = PBXResourcesBuildPhase;
			buildActionMask = 2147483647;
			files = (
			);
			runOnlyForDeploymentPostprocessing = 0;
		};
/* End PBXResourcesBuildPhase section */

/* Begin PBXSourcesBuildPhase section */
		70AD3EC22BE7593A00614A6B /* Sources */ = {
			isa = PBXSourcesBuildPhase;
			buildActionMask = 2147483647;
			files = (
				708A7DBC2C01A6B600D86833 /* Dependency.swift in Sources */,
				7087A0C42C09900C00E33867 /* APIClient.swift in Sources */,
				70AD3ECC2BE7593A00614A6B /* ContentView.swift in Sources */,
				70AD3ECA2BE7593A00614A6B /* TCAApp.swift in Sources */,
				708AF2902C119996002949D5 /* IdentifiedArray.swift in Sources */,
				7081DEA42BEF37060074CEE1 /* Delegation.swift in Sources */,
				70AD3EF82BE759BB00614A6B /* Basic.swift in Sources */,
				7081DEA22BEF367E0074CEE1 /* Binding.swift in Sources */,
			);
			runOnlyForDeploymentPostprocessing = 0;
		};
		70AD3ED32BE7593D00614A6B /* Sources */ = {
			isa = PBXSourcesBuildPhase;
			buildActionMask = 2147483647;
			files = (
				70AD3EDC2BE7593D00614A6B /* TCATests.swift in Sources */,
			);
			runOnlyForDeploymentPostprocessing = 0;
		};
		70AD3EDD2BE7593D00614A6B /* Sources */ = {
			isa = PBXSourcesBuildPhase;
			buildActionMask = 2147483647;
			files = (
				70AD3EE62BE7593D00614A6B /* TCAUITests.swift in Sources */,
				70AD3EE82BE7593D00614A6B /* TCAUITestsLaunchTests.swift in Sources */,
			);
			runOnlyForDeploymentPostprocessing = 0;
		};
/* End PBXSourcesBuildPhase section */

/* Begin PBXTargetDependency section */
		70AD3ED92BE7593D00614A6B /* PBXTargetDependency */ = {
			isa = PBXTargetDependency;
			target = 70AD3EC52BE7593A00614A6B /* TCA */;
			targetProxy = 70AD3ED82BE7593D00614A6B /* PBXContainerItemProxy */;
		};
		70AD3EE32BE7593D00614A6B /* PBXTargetDependency */ = {
			isa = PBXTargetDependency;
			target = 70AD3EC52BE7593A00614A6B /* TCA */;
			targetProxy = 70AD3EE22BE7593D00614A6B /* PBXContainerItemProxy */;
		};
/* End PBXTargetDependency section */

/* Begin XCBuildConfiguration section */
		70AD3EE92BE7593D00614A6B /* Debug */ = {
			isa = XCBuildConfiguration;
			buildSettings = {
				ALWAYS_SEARCH_USER_PATHS = NO;
				ASSETCATALOG_COMPILER_GENERATE_SWIFT_ASSET_SYMBOL_EXTENSIONS = YES;
				CLANG_ANALYZER_NONNULL = YES;
				CLANG_ANALYZER_NUMBER_OBJECT_CONVERSION = YES_AGGRESSIVE;
				CLANG_CXX_LANGUAGE_STANDARD = "gnu++20";
				CLANG_ENABLE_MODULES = YES;
				CLANG_ENABLE_OBJC_ARC = YES;
				CLANG_ENABLE_OBJC_WEAK = YES;
				CLANG_WARN_BLOCK_CAPTURE_AUTORELEASING = YES;
				CLANG_WARN_BOOL_CONVERSION = YES;
				CLANG_WARN_COMMA = YES;
				CLANG_WARN_CONSTANT_CONVERSION = YES;
				CLANG_WARN_DEPRECATED_OBJC_IMPLEMENTATIONS = YES;
				CLANG_WARN_DIRECT_OBJC_ISA_USAGE = YES_ERROR;
				CLANG_WARN_DOCUMENTATION_COMMENTS = YES;
				CLANG_WARN_EMPTY_BODY = YES;
				CLANG_WARN_ENUM_CONVERSION = YES;
				CLANG_WARN_INFINITE_RECURSION = YES;
				CLANG_WARN_INT_CONVERSION = YES;
				CLANG_WARN_NON_LITERAL_NULL_CONVERSION = YES;
				CLANG_WARN_OBJC_IMPLICIT_RETAIN_SELF = YES;
				CLANG_WARN_OBJC_LITERAL_CONVERSION = YES;
				CLANG_WARN_OBJC_ROOT_CLASS = YES_ERROR;
				CLANG_WARN_QUOTED_INCLUDE_IN_FRAMEWORK_HEADER = YES;
				CLANG_WARN_RANGE_LOOP_ANALYSIS = YES;
				CLANG_WARN_STRICT_PROTOTYPES = YES;
				CLANG_WARN_SUSPICIOUS_MOVE = YES;
				CLANG_WARN_UNGUARDED_AVAILABILITY = YES_AGGRESSIVE;
				CLANG_WARN_UNREACHABLE_CODE = YES;
				CLANG_WARN__DUPLICATE_METHOD_MATCH = YES;
				COPY_PHASE_STRIP = NO;
				DEBUG_INFORMATION_FORMAT = dwarf;
				ENABLE_STRICT_OBJC_MSGSEND = YES;
				ENABLE_TESTABILITY = YES;
				ENABLE_USER_SCRIPT_SANDBOXING = YES;
				GCC_C_LANGUAGE_STANDARD = gnu17;
				GCC_DYNAMIC_NO_PIC = NO;
				GCC_NO_COMMON_BLOCKS = YES;
				GCC_OPTIMIZATION_LEVEL = 0;
				GCC_PREPROCESSOR_DEFINITIONS = (
					"DEBUG=1",
					"$(inherited)",
				);
				GCC_WARN_64_TO_32_BIT_CONVERSION = YES;
				GCC_WARN_ABOUT_RETURN_TYPE = YES_ERROR;
				GCC_WARN_UNDECLARED_SELECTOR = YES;
				GCC_WARN_UNINITIALIZED_AUTOS = YES_AGGRESSIVE;
				GCC_WARN_UNUSED_FUNCTION = YES;
				GCC_WARN_UNUSED_VARIABLE = YES;
				LOCALIZATION_PREFERS_STRING_CATALOGS = YES;
				MTL_ENABLE_DEBUG_INFO = INCLUDE_SOURCE;
				MTL_FAST_MATH = YES;
				ONLY_ACTIVE_ARCH = YES;
				SWIFT_ACTIVE_COMPILATION_CONDITIONS = "DEBUG $(inherited)";
				SWIFT_OPTIMIZATION_LEVEL = "-Onone";
			};
			name = Debug;
		};
		70AD3EEA2BE7593D00614A6B /* Release */ = {
			isa = XCBuildConfiguration;
			buildSettings = {
				ALWAYS_SEARCH_USER_PATHS = NO;
				ASSETCATALOG_COMPILER_GENERATE_SWIFT_ASSET_SYMBOL_EXTENSIONS = YES;
				CLANG_ANALYZER_NONNULL = YES;
				CLANG_ANALYZER_NUMBER_OBJECT_CONVERSION = YES_AGGRESSIVE;
				CLANG_CXX_LANGUAGE_STANDARD = "gnu++20";
				CLANG_ENABLE_MODULES = YES;
				CLANG_ENABLE_OBJC_ARC = YES;
				CLANG_ENABLE_OBJC_WEAK = YES;
				CLANG_WARN_BLOCK_CAPTURE_AUTORELEASING = YES;
				CLANG_WARN_BOOL_CONVERSION = YES;
				CLANG_WARN_COMMA = YES;
				CLANG_WARN_CONSTANT_CONVERSION = YES;
				CLANG_WARN_DEPRECATED_OBJC_IMPLEMENTATIONS = YES;
				CLANG_WARN_DIRECT_OBJC_ISA_USAGE = YES_ERROR;
				CLANG_WARN_DOCUMENTATION_COMMENTS = YES;
				CLANG_WARN_EMPTY_BODY = YES;
				CLANG_WARN_ENUM_CONVERSION = YES;
				CLANG_WARN_INFINITE_RECURSION = YES;
				CLANG_WARN_INT_CONVERSION = YES;
				CLANG_WARN_NON_LITERAL_NULL_CONVERSION = YES;
				CLANG_WARN_OBJC_IMPLICIT_RETAIN_SELF = YES;
				CLANG_WARN_OBJC_LITERAL_CONVERSION = YES;
				CLANG_WARN_OBJC_ROOT_CLASS = YES_ERROR;
				CLANG_WARN_QUOTED_INCLUDE_IN_FRAMEWORK_HEADER = YES;
				CLANG_WARN_RANGE_LOOP_ANALYSIS = YES;
				CLANG_WARN_STRICT_PROTOTYPES = YES;
				CLANG_WARN_SUSPICIOUS_MOVE = YES;
				CLANG_WARN_UNGUARDED_AVAILABILITY = YES_AGGRESSIVE;
				CLANG_WARN_UNREACHABLE_CODE = YES;
				CLANG_WARN__DUPLICATE_METHOD_MATCH = YES;
				COPY_PHASE_STRIP = NO;
				DEBUG_INFORMATION_FORMAT = "dwarf-with-dsym";
				ENABLE_NS_ASSERTIONS = NO;
				ENABLE_STRICT_OBJC_MSGSEND = YES;
				ENABLE_USER_SCRIPT_SANDBOXING = YES;
				GCC_C_LANGUAGE_STANDARD = gnu17;
				GCC_NO_COMMON_BLOCKS = YES;
				GCC_WARN_64_TO_32_BIT_CONVERSION = YES;
				GCC_WARN_ABOUT_RETURN_TYPE = YES_ERROR;
				GCC_WARN_UNDECLARED_SELECTOR = YES;
				GCC_WARN_UNINITIALIZED_AUTOS = YES_AGGRESSIVE;
				GCC_WARN_UNUSED_FUNCTION = YES;
				GCC_WARN_UNUSED_VARIABLE = YES;
				LOCALIZATION_PREFERS_STRING_CATALOGS = YES;
				MTL_ENABLE_DEBUG_INFO = NO;
				MTL_FAST_MATH = YES;
				SWIFT_COMPILATION_MODE = wholemodule;
			};
			name = Release;
		};
		70AD3EEC2BE7593D00614A6B /* Debug */ = {
			isa = XCBuildConfiguration;
			buildSettings = {
				ASSETCATALOG_COMPILER_APPICON_NAME = AppIcon;
				ASSETCATALOG_COMPILER_GLOBAL_ACCENT_COLOR_NAME = AccentColor;
				CODE_SIGN_ENTITLEMENTS = TCA/TCA.entitlements;
				CODE_SIGN_STYLE = Automatic;
				CURRENT_PROJECT_VERSION = 1;
				DEVELOPMENT_ASSET_PATHS = "\"TCA/Preview Content\"";
				DEVELOPMENT_TEAM = 8S49K8U3C3;
				ENABLE_HARDENED_RUNTIME = YES;
				ENABLE_PREVIEWS = YES;
				GENERATE_INFOPLIST_FILE = YES;
				INFOPLIST_FILE = TCA/Info.plist;
				"INFOPLIST_KEY_UIApplicationSceneManifest_Generation[sdk=iphoneos*]" = YES;
				"INFOPLIST_KEY_UIApplicationSceneManifest_Generation[sdk=iphonesimulator*]" = YES;
				"INFOPLIST_KEY_UIApplicationSupportsIndirectInputEvents[sdk=iphoneos*]" = YES;
				"INFOPLIST_KEY_UIApplicationSupportsIndirectInputEvents[sdk=iphonesimulator*]" = YES;
				"INFOPLIST_KEY_UILaunchScreen_Generation[sdk=iphoneos*]" = YES;
				"INFOPLIST_KEY_UILaunchScreen_Generation[sdk=iphonesimulator*]" = YES;
				"INFOPLIST_KEY_UIStatusBarStyle[sdk=iphoneos*]" = UIStatusBarStyleDefault;
				"INFOPLIST_KEY_UIStatusBarStyle[sdk=iphonesimulator*]" = UIStatusBarStyleDefault;
				INFOPLIST_KEY_UISupportedInterfaceOrientations_iPad = "UIInterfaceOrientationPortrait UIInterfaceOrientationPortraitUpsideDown UIInterfaceOrientationLandscapeLeft UIInterfaceOrientationLandscapeRight";
				INFOPLIST_KEY_UISupportedInterfaceOrientations_iPhone = "UIInterfaceOrientationPortrait UIInterfaceOrientationLandscapeLeft UIInterfaceOrientationLandscapeRight";
				IPHONEOS_DEPLOYMENT_TARGET = 17.0;
				LD_RUNPATH_SEARCH_PATHS = "@executable_path/Frameworks";
				"LD_RUNPATH_SEARCH_PATHS[sdk=macosx*]" = "@executable_path/../Frameworks";
				MACOSX_DEPLOYMENT_TARGET = 14.0;
				MARKETING_VERSION = 1.0;
				PRODUCT_BUNDLE_IDENTIFIER = zaki.TCA;
				PRODUCT_NAME = "$(TARGET_NAME)";
				SDKROOT = auto;
				SUPPORTED_PLATFORMS = "iphoneos iphonesimulator macosx";
				SWIFT_EMIT_LOC_STRINGS = YES;
				SWIFT_VERSION = 5.0;
				TARGETED_DEVICE_FAMILY = "1,2";
			};
			name = Debug;
		};
		70AD3EED2BE7593D00614A6B /* Release */ = {
			isa = XCBuildConfiguration;
			buildSettings = {
				ASSETCATALOG_COMPILER_APPICON_NAME = AppIcon;
				ASSETCATALOG_COMPILER_GLOBAL_ACCENT_COLOR_NAME = AccentColor;
				CODE_SIGN_ENTITLEMENTS = TCA/TCA.entitlements;
				CODE_SIGN_STYLE = Automatic;
				CURRENT_PROJECT_VERSION = 1;
				DEVELOPMENT_ASSET_PATHS = "\"TCA/Preview Content\"";
				DEVELOPMENT_TEAM = 8S49K8U3C3;
				ENABLE_HARDENED_RUNTIME = YES;
				ENABLE_PREVIEWS = YES;
				GENERATE_INFOPLIST_FILE = YES;
				INFOPLIST_FILE = TCA/Info.plist;
				"INFOPLIST_KEY_UIApplicationSceneManifest_Generation[sdk=iphoneos*]" = YES;
				"INFOPLIST_KEY_UIApplicationSceneManifest_Generation[sdk=iphonesimulator*]" = YES;
				"INFOPLIST_KEY_UIApplicationSupportsIndirectInputEvents[sdk=iphoneos*]" = YES;
				"INFOPLIST_KEY_UIApplicationSupportsIndirectInputEvents[sdk=iphonesimulator*]" = YES;
				"INFOPLIST_KEY_UILaunchScreen_Generation[sdk=iphoneos*]" = YES;
				"INFOPLIST_KEY_UILaunchScreen_Generation[sdk=iphonesimulator*]" = YES;
				"INFOPLIST_KEY_UIStatusBarStyle[sdk=iphoneos*]" = UIStatusBarStyleDefault;
				"INFOPLIST_KEY_UIStatusBarStyle[sdk=iphonesimulator*]" = UIStatusBarStyleDefault;
				INFOPLIST_KEY_UISupportedInterfaceOrientations_iPad = "UIInterfaceOrientationPortrait UIInterfaceOrientationPortraitUpsideDown UIInterfaceOrientationLandscapeLeft UIInterfaceOrientationLandscapeRight";
				INFOPLIST_KEY_UISupportedInterfaceOrientations_iPhone = "UIInterfaceOrientationPortrait UIInterfaceOrientationLandscapeLeft UIInterfaceOrientationLandscapeRight";
				IPHONEOS_DEPLOYMENT_TARGET = 17.0;
				LD_RUNPATH_SEARCH_PATHS = "@executable_path/Frameworks";
				"LD_RUNPATH_SEARCH_PATHS[sdk=macosx*]" = "@executable_path/../Frameworks";
				MACOSX_DEPLOYMENT_TARGET = 14.0;
				MARKETING_VERSION = 1.0;
				PRODUCT_BUNDLE_IDENTIFIER = zaki.TCA;
				PRODUCT_NAME = "$(TARGET_NAME)";
				SDKROOT = auto;
				SUPPORTED_PLATFORMS = "iphoneos iphonesimulator macosx";
				SWIFT_EMIT_LOC_STRINGS = YES;
				SWIFT_VERSION = 5.0;
				TARGETED_DEVICE_FAMILY = "1,2";
			};
			name = Release;
		};
		70AD3EEF2BE7593D00614A6B /* Debug */ = {
			isa = XCBuildConfiguration;
			buildSettings = {
				ALWAYS_EMBED_SWIFT_STANDARD_LIBRARIES = YES;
				BUNDLE_LOADER = "$(TEST_HOST)";
				CODE_SIGN_STYLE = Automatic;
				CURRENT_PROJECT_VERSION = 1;
				DEVELOPMENT_TEAM = 8S49K8U3C3;
				GENERATE_INFOPLIST_FILE = YES;
				IPHONEOS_DEPLOYMENT_TARGET = 17.0;
				MACOSX_DEPLOYMENT_TARGET = 14.0;
				MARKETING_VERSION = 1.0;
				PRODUCT_BUNDLE_IDENTIFIER = zaki.TCATests;
				PRODUCT_NAME = "$(TARGET_NAME)";
				SDKROOT = auto;
				SUPPORTED_PLATFORMS = "iphoneos iphonesimulator macosx";
				SWIFT_EMIT_LOC_STRINGS = NO;
				SWIFT_VERSION = 5.0;
				TARGETED_DEVICE_FAMILY = "1,2";
				TEST_HOST = "$(BUILT_PRODUCTS_DIR)/TCA.app/$(BUNDLE_EXECUTABLE_FOLDER_PATH)/TCA";
			};
			name = Debug;
		};
		70AD3EF02BE7593D00614A6B /* Release */ = {
			isa = XCBuildConfiguration;
			buildSettings = {
				ALWAYS_EMBED_SWIFT_STANDARD_LIBRARIES = YES;
				BUNDLE_LOADER = "$(TEST_HOST)";
				CODE_SIGN_STYLE = Automatic;
				CURRENT_PROJECT_VERSION = 1;
				DEVELOPMENT_TEAM = 8S49K8U3C3;
				GENERATE_INFOPLIST_FILE = YES;
				IPHONEOS_DEPLOYMENT_TARGET = 17.0;
				MACOSX_DEPLOYMENT_TARGET = 14.0;
				MARKETING_VERSION = 1.0;
				PRODUCT_BUNDLE_IDENTIFIER = zaki.TCATests;
				PRODUCT_NAME = "$(TARGET_NAME)";
				SDKROOT = auto;
				SUPPORTED_PLATFORMS = "iphoneos iphonesimulator macosx";
				SWIFT_EMIT_LOC_STRINGS = NO;
				SWIFT_VERSION = 5.0;
				TARGETED_DEVICE_FAMILY = "1,2";
				TEST_HOST = "$(BUILT_PRODUCTS_DIR)/TCA.app/$(BUNDLE_EXECUTABLE_FOLDER_PATH)/TCA";
			};
			name = Release;
		};
		70AD3EF22BE7593D00614A6B /* Debug */ = {
			isa = XCBuildConfiguration;
			buildSettings = {
				ALWAYS_EMBED_SWIFT_STANDARD_LIBRARIES = YES;
				CODE_SIGN_STYLE = Automatic;
				CURRENT_PROJECT_VERSION = 1;
				DEVELOPMENT_TEAM = 8S49K8U3C3;
				GENERATE_INFOPLIST_FILE = YES;
				IPHONEOS_DEPLOYMENT_TARGET = 17.0;
				MACOSX_DEPLOYMENT_TARGET = 14.0;
				MARKETING_VERSION = 1.0;
				PRODUCT_BUNDLE_IDENTIFIER = zaki.TCAUITests;
				PRODUCT_NAME = "$(TARGET_NAME)";
				SDKROOT = auto;
				SUPPORTED_PLATFORMS = "iphoneos iphonesimulator macosx";
				SWIFT_EMIT_LOC_STRINGS = NO;
				SWIFT_VERSION = 5.0;
				TARGETED_DEVICE_FAMILY = "1,2";
				TEST_TARGET_NAME = TCA;
			};
			name = Debug;
		};
		70AD3EF32BE7593D00614A6B /* Release */ = {
			isa = XCBuildConfiguration;
			buildSettings = {
				ALWAYS_EMBED_SWIFT_STANDARD_LIBRARIES = YES;
				CODE_SIGN_STYLE = Automatic;
				CURRENT_PROJECT_VERSION = 1;
				DEVELOPMENT_TEAM = 8S49K8U3C3;
				GENERATE_INFOPLIST_FILE = YES;
				IPHONEOS_DEPLOYMENT_TARGET = 17.0;
				MACOSX_DEPLOYMENT_TARGET = 14.0;
				MARKETING_VERSION = 1.0;
				PRODUCT_BUNDLE_IDENTIFIER = zaki.TCAUITests;
				PRODUCT_NAME = "$(TARGET_NAME)";
				SDKROOT = auto;
				SUPPORTED_PLATFORMS = "iphoneos iphonesimulator macosx";
				SWIFT_EMIT_LOC_STRINGS = NO;
				SWIFT_VERSION = 5.0;
				TARGETED_DEVICE_FAMILY = "1,2";
				TEST_TARGET_NAME = TCA;
			};
			name = Release;
		};
/* End XCBuildConfiguration section */

/* Begin XCConfigurationList section */
		70AD3EC12BE7593A00614A6B /* Build configuration list for PBXProject "TCA" */ = {
			isa = XCConfigurationList;
			buildConfigurations = (
				70AD3EE92BE7593D00614A6B /* Debug */,
				70AD3EEA2BE7593D00614A6B /* Release */,
			);
			defaultConfigurationIsVisible = 0;
			defaultConfigurationName = Release;
		};
		70AD3EEB2BE7593D00614A6B /* Build configuration list for PBXNativeTarget "TCA" */ = {
			isa = XCConfigurationList;
			buildConfigurations = (
				70AD3EEC2BE7593D00614A6B /* Debug */,
				70AD3EED2BE7593D00614A6B /* Release */,
			);
			defaultConfigurationIsVisible = 0;
			defaultConfigurationName = Release;
		};
		70AD3EEE2BE7593D00614A6B /* Build configuration list for PBXNativeTarget "TCATests" */ = {
			isa = XCConfigurationList;
			buildConfigurations = (
				70AD3EEF2BE7593D00614A6B /* Debug */,
				70AD3EF02BE7593D00614A6B /* Release */,
			);
			defaultConfigurationIsVisible = 0;
			defaultConfigurationName = Release;
		};
		70AD3EF12BE7593D00614A6B /* Build configuration list for PBXNativeTarget "TCAUITests" */ = {
			isa = XCConfigurationList;
			buildConfigurations = (
				70AD3EF22BE7593D00614A6B /* Debug */,
				70AD3EF32BE7593D00614A6B /* Release */,
			);
			defaultConfigurationIsVisible = 0;
			defaultConfigurationName = Release;
		};
/* End XCConfigurationList section */

/* Begin XCRemoteSwiftPackageReference section */
		70AD3EF42BE759A800614A6B /* XCRemoteSwiftPackageReference "swift-composable-architecture" */ = {
			isa = XCRemoteSwiftPackageReference;
			repositoryURL = "https://github.com/pointfreeco/swift-composable-architecture.git";
			requirement = {
				kind = upToNextMajorVersion;
				minimumVersion = 1.10.2;
			};
		};
/* End XCRemoteSwiftPackageReference section */

/* Begin XCSwiftPackageProductDependency section */
		70AD3EF52BE759A800614A6B /* ComposableArchitecture */ = {
			isa = XCSwiftPackageProductDependency;
			package = 70AD3EF42BE759A800614A6B /* XCRemoteSwiftPackageReference "swift-composable-architecture" */;
			productName = ComposableArchitecture;
		};
/* End XCSwiftPackageProductDependency section */
	};
	rootObject = 70AD3EBE2BE7593A00614A6B /* Project object */;
}
